Microsoft Visual Studio Solution File, Format Version 10.00
# Visual Studio 2008
Project("{2150E333-8FDC-42A3-9474-1A3956D46DE8}") = "Core", "Core", "{53967028-6E22-4F32-A548-4DE469022CB5}"
EndProject
Project("{8BC9CEB8-8B4A-11D0-8D11-00A0C91BC942}") = "VisualText", "VisualText.vcproj", "{1CF07362-37B3-42FA-9798-CC627493302B}"
	ProjectSection(ProjectDependencies) = postProject
		{334B440D-2B5F-48CC-94E3-9D0BCC4D8922} = {334B440D-2B5F-48CC-94E3-9D0BCC4D8922}
		{5B63F12C-3F96-4650-8CD2-FC5A1D98167F} = {5B63F12C-3F96-4650-8CD2-FC5A1D98167F}
		{3FD3B62F-271E-4234-A185-65EDB331AB79} = {3FD3B62F-271E-4234-A185-65EDB331AB79}
		{4BF8BE3A-3E74-4029-B995-5B2A7601F50B} = {4BF8BE3A-3E74-4029-B995-5B2A7601F50B}
		{AB75E586-6065-485B-9263-E653AA7F7FE2} = {AB75E586-6065-485B-9263-E653AA7F7FE2}
		{15951DAE-EA16-4563-B1A8-8672F7515717} = {15951DAE-EA16-4563-B1A8-8672F7515717}
		{9670D2E5-B333-4260-BEBB-BB3242BE1374} = {9670D2E5-B333-4260-BEBB-BB3242BE1374}
	EndProjectSection
EndProject
Project("{8BC9CEB8-8B4A-11D0-8D11-00A0C91BC942}") = "web", "..\vtcore\web\web.vcproj", "{4BF8BE3A-3E74-4029-B995-5B2A7601F50B}"
EndProject
Project("{8BC9CEB8-8B4A-11D0-8D11-00A0C91BC942}") = "words", "..\vtcore\words\words.vcproj", "{15951DAE-EA16-4563-B1A8-8672F7515717}"
EndProject
Project("{8BC9CEB8-8B4A-11D0-8D11-00A0C91BC942}") = "wn", "..\vtcore\wn\wn.vcproj", "{3FD3B62F-271E-4234-A185-65EDB331AB79}"
EndProject
Project("{8BC9CEB8-8B4A-11D0-8D11-00A0C91BC942}") = "libconsh", "..\vtcore\cs\libconsh\libconsh.vcproj", "{9670D2E5-B333-4260-BEBB-BB3242BE1374}"
EndProject
Project("{8BC9CEB8-8B4A-11D0-8D11-00A0C91BC942}") = "libprim", "..\vtcore\cs\libprim\libprim.vcproj", "{AB75E586-6065-485B-9263-E653AA7F7FE2}"
EndProject
Project("{8BC9CEB8-8B4A-11D0-8D11-00A0C91BC942}") = "lite", "..\vtcore\lite\lite.vcproj", "{5B63F12C-3F96-4650-8CD2-FC5A1D98167F}"
EndProject
Project("{8BC9CEB8-8B4A-11D0-8D11-00A0C91BC942}") = "libStream", "..\vtcore\cs\libstream\libStream.vcproj", "{C9E7E272-428F-4C3E-96C2-E55D63C4BEF7}"
EndProject
Project("{8BC9CEB8-8B4A-11D0-8D11-00A0C91BC942}") = "libkbm", "..\vtcore\cs\libkbm\libkbm.vcproj", "{334B440D-2B5F-48CC-94E3-9D0BCC4D8922}"
EndProject
Global
	GlobalSection(SolutionConfigurationPlatforms) = preSolution
		Debug_QDBM|Win32 = Debug_QDBM|Win32
		Debug|Win32 = Debug|Win32
		DebugDynStat|Win32 = DebugDynStat|Win32
		Release_QDBM|Win32 = Release_QDBM|Win32
		Release_Static|Win32 = Release_Static|Win32
		Release|Win32 = Release|Win32
		ReleaseDynStat|Win32 = ReleaseDynStat|Win32
		Unicode Debug|Win32 = Unicode Debug|Win32
		Unicode Release|Win32 = Unicode Release|Win32
		Unicode_Debug|Win32 = Unicode_Debug|Win32
		Unicode_DebugDynStat|Win32 = Unicode_DebugDynStat|Win32
		Unicode_Release|Win32 = Unicode_Release|Win32
		Unicode_ReleaseDynStat|Win32 = Unicode_ReleaseDynStat|Win32
		VisualText_QDBM|Win32 = VisualText_QDBM|Win32
		VisualText_QDBMR|Win32 = VisualText_QDBMR|Win32
	EndGlobalSection
	GlobalSection(ProjectConfigurationPlatforms) = postSolution
		{1CF07362-37B3-42FA-9798-CC627493302B}.Debug_QDBM|Win32.ActiveCfg = Debug_QDBM|Win32
		{1CF07362-37B3-42FA-9798-CC627493302B}.Debug_QDBM|Win32.Build.0 = Debug_QDBM|Win32
		{1CF07362-37B3-42FA-9798-CC627493302B}.Debug|Win32.ActiveCfg = Debug|Win32
		{1CF07362-37B3-42FA-9798-CC627493302B}.Debug|Win32.Build.0 = Debug|Win32
		{1CF07362-37B3-42FA-9798-CC627493302B}.DebugDynStat|Win32.ActiveCfg = DebugDynStat|Win32
		{1CF07362-37B3-42FA-9798-CC627493302B}.DebugDynStat|Win32.Build.0 = DebugDynStat|Win32
		{1CF07362-37B3-42FA-9798-CC627493302B}.Release_QDBM|Win32.ActiveCfg = Release_QDBM|Win32
		{1CF07362-37B3-42FA-9798-CC627493302B}.Release_QDBM|Win32.Build.0 = Release_QDBM|Win32
		{1CF07362-37B3-42FA-9798-CC627493302B}.Release_Static|Win32.ActiveCfg = Release_QDBM|Win32
		{1CF07362-37B3-42FA-9798-CC627493302B}.Release_Static|Win32.Build.0 = Release_QDBM|Win32
		{1CF07362-37B3-42FA-9798-CC627493302B}.Release|Win32.ActiveCfg = Release|Win32
		{1CF07362-37B3-42FA-9798-CC627493302B}.Release|Win32.Build.0 = Release|Win32
		{1CF07362-37B3-42FA-9798-CC627493302B}.ReleaseDynStat|Win32.ActiveCfg = ReleaseDynStat|Win32
		{1CF07362-37B3-42FA-9798-CC627493302B}.ReleaseDynStat|Win32.Build.0 = ReleaseDynStat|Win32
		{1CF07362-37B3-42FA-9798-CC627493302B}.Unicode Debug|Win32.ActiveCfg = Unicode_Debug|Win32
		{1CF07362-37B3-42FA-9798-CC627493302B}.Unicode Debug|Win32.Build.0 = Unicode_Debug|Win32
		{1CF07362-37B3-42FA-9798-CC627493302B}.Unicode Release|Win32.ActiveCfg = Unicode_Release|Win32
		{1CF07362-37B3-42FA-9798-CC627493302B}.Unicode Release|Win32.Build.0 = Unicode_Release|Win32
		{1CF07362-37B3-42FA-9798-CC627493302B}.Unicode_Debug|Win32.ActiveCfg = Unicode_Debug|Win32
		{1CF07362-37B3-42FA-9798-CC627493302B}.Unicode_Debug|Win32.Build.0 = Unicode_Debug|Win32
		{1CF07362-37B3-42FA-9798-CC627493302B}.Unicode_DebugDynStat|Win32.ActiveCfg = Unicode_DebugDynStat|Win32
		{1CF07362-37B3-42FA-9798-CC627493302B}.Unicode_DebugDynStat|Win32.Build.0 = Unicode_DebugDynStat|Win32
		{1CF07362-37B3-42FA-9798-CC627493302B}.Unicode_Release|Win32.ActiveCfg = Unicode_Release|Win32
		{1CF07362-37B3-42FA-9798-CC627493302B}.Unicode_Release|Win32.Build.0 = Unicode_Release|Win32
		{1CF07362-37B3-42FA-9798-CC627493302B}.Unicode_ReleaseDynStat|Win32.ActiveCfg = Unicode_ReleaseDynStat|Win32
		{1CF07362-37B3-42FA-9798-CC627493302B}.Unicode_ReleaseDynStat|Win32.Build.0 = Unicode_ReleaseDynStat|Win32
		{1CF07362-37B3-42FA-9798-CC627493302B}.VisualText_QDBM|Win32.ActiveCfg = VisualText_QDBM|Win32
		{1CF07362-37B3-42FA-9798-CC627493302B}.VisualText_QDBM|Win32.Build.0 = VisualText_QDBM|Win32
		{1CF07362-37B3-42FA-9798-CC627493302B}.VisualText_QDBMR|Win32.ActiveCfg = VisualText_QDBMR|Win32
		{1CF07362-37B3-42FA-9798-CC627493302B}.VisualText_QDBMR|Win32.Build.0 = VisualText_QDBMR|Win32
		{4BF8BE3A-3E74-4029-B995-5B2A7601F50B}.Debug_QDBM|Win32.ActiveCfg = Debug|Win32
		{4BF8BE3A-3E74-4029-B995-5B2A7601F50B}.Debug_QDBM|Win32.Build.0 = Debug|Win32
		{4BF8BE3A-3E74-4029-B995-5B2A7601F50B}.Debug|Win32.ActiveCfg = Debug|Win32
		{4BF8BE3A-3E74-4029-B995-5B2A7601F50B}.Debug|Win32.Build.0 = Debug|Win32
		{4BF8BE3A-3E74-4029-B995-5B2A7601F50B}.DebugDynStat|Win32.ActiveCfg = Debug|Win32
		{4BF8BE3A-3E74-4029-B995-5B2A7601F50B}.DebugDynStat|Win32.Build.0 = Debug|Win32
		{4BF8BE3A-3E74-4029-B995-5B2A7601F50B}.Release_QDBM|Win32.ActiveCfg = Release|Win32
		{4BF8BE3A-3E74-4029-B995-5B2A7601F50B}.Release_QDBM|Win32.Build.0 = Release|Win32
		{4BF8BE3A-3E74-4029-B995-5B2A7601F50B}.Release_Static|Win32.ActiveCfg = Release|Win32
		{4BF8BE3A-3E74-4029-B995-5B2A7601F50B}.Release_Static|Win32.Build.0 = Release|Win32
		{4BF8BE3A-3E74-4029-B995-5B2A7601F50B}.Release|Win32.ActiveCfg = Release|Win32
		{4BF8BE3A-3E74-4029-B995-5B2A7601F50B}.Release|Win32.Build.0 = Release|Win32
		{4BF8BE3A-3E74-4029-B995-5B2A7601F50B}.ReleaseDynStat|Win32.ActiveCfg = Release|Win32
		{4BF8BE3A-3E74-4029-B995-5B2A7601F50B}.ReleaseDynStat|Win32.Build.0 = Release|Win32
		{4BF8BE3A-3E74-4029-B995-5B2A7601F50B}.Unicode Debug|Win32.ActiveCfg = Unicode_Debug|Win32
		{4BF8BE3A-3E74-4029-B995-5B2A7601F50B}.Unicode Debug|Win32.Build.0 = Unicode_Debug|Win32
		{4BF8BE3A-3E74-4029-B995-5B2A7601F50B}.Unicode Release|Win32.ActiveCfg = Release|Win32
		{4BF8BE3A-3E74-4029-B995-5B2A7601F50B}.Unicode Release|Win32.Build.0 = Release|Win32
		{4BF8BE3A-3E74-4029-B995-5B2A7601F50B}.Unicode_Debug|Win32.ActiveCfg = Unicode_Debug|Win32
		{4BF8BE3A-3E74-4029-B995-5B2A7601F50B}.Unicode_Debug|Win32.Build.0 = Unicode_Debug|Win32
		{4BF8BE3A-3E74-4029-B995-5B2A7601F50B}.Unicode_DebugDynStat|Win32.ActiveCfg = Unicode_Debug|Win32
		{4BF8BE3A-3E74-4029-B995-5B2A7601F50B}.Unicode_DebugDynStat|Win32.Build.0 = Unicode_Debug|Win32
		{4BF8BE3A-3E74-4029-B995-5B2A7601F50B}.Unicode_Release|Win32.ActiveCfg = Unicode_Release|Win32
		{4BF8BE3A-3E74-4029-B995-5B2A7601F50B}.Unicode_Release|Win32.Build.0 = Unicode_Release|Win32
		{4BF8BE3A-3E74-4029-B995-5B2A7601F50B}.Unicode_ReleaseDynStat|Win32.ActiveCfg = Unicode_Release|Win32
		{4BF8BE3A-3E74-4029-B995-5B2A7601F50B}.Unicode_ReleaseDynStat|Win32.Build.0 = Unicode_Release|Win32
		{4BF8BE3A-3E74-4029-B995-5B2A7601F50B}.VisualText_QDBM|Win32.ActiveCfg = Unicode_Debug|Win32
		{4BF8BE3A-3E74-4029-B995-5B2A7601F50B}.VisualText_QDBM|Win32.Build.0 = Unicode_Debug|Win32
		{4BF8BE3A-3E74-4029-B995-5B2A7601F50B}.VisualText_QDBMR|Win32.ActiveCfg = Unicode_Debug|Win32
		{4BF8BE3A-3E74-4029-B995-5B2A7601F50B}.VisualText_QDBMR|Win32.Build.0 = Unicode_Debug|Win32
		{15951DAE-EA16-4563-B1A8-8672F7515717}.Debug_QDBM|Win32.ActiveCfg = Debug|Win32
		{15951DAE-EA16-4563-B1A8-8672F7515717}.Debug_QDBM|Win32.Build.0 = Debug|Win32
		{15951DAE-EA16-4563-B1A8-8672F7515717}.Debug|Win32.ActiveCfg = Debug|Win32
		{15951DAE-EA16-4563-B1A8-8672F7515717}.Debug|Win32.Build.0 = Debug|Win32
		{15951DAE-EA16-4563-B1A8-8672F7515717}.DebugDynStat|Win32.ActiveCfg = Debug|Win32
		{15951DAE-EA16-4563-B1A8-8672F7515717}.DebugDynStat|Win32.Build.0 = Debug|Win32
		{15951DAE-EA16-4563-B1A8-8672F7515717}.Release_QDBM|Win32.ActiveCfg = Release|Win32
		{15951DAE-EA16-4563-B1A8-8672F7515717}.Release_QDBM|Win32.Build.0 = Release|Win32
		{15951DAE-EA16-4563-B1A8-8672F7515717}.Release_Static|Win32.ActiveCfg = Release|Win32
		{15951DAE-EA16-4563-B1A8-8672F7515717}.Release_Static|Win32.Build.0 = Release|Win32
		{15951DAE-EA16-4563-B1A8-8672F7515717}.Release|Win32.ActiveCfg = Release|Win32
		{15951DAE-EA16-4563-B1A8-8672F7515717}.Release|Win32.Build.0 = Release|Win32
		{15951DAE-EA16-4563-B1A8-8672F7515717}.ReleaseDynStat|Win32.ActiveCfg = Release|Win32
		{15951DAE-EA16-4563-B1A8-8672F7515717}.ReleaseDynStat|Win32.Build.0 = Release|Win32
		{15951DAE-EA16-4563-B1A8-8672F7515717}.Unicode Debug|Win32.ActiveCfg = Unicode_Debug|Win32
		{15951DAE-EA16-4563-B1A8-8672F7515717}.Unicode Debug|Win32.Build.0 = Unicode_Debug|Win32
		{15951DAE-EA16-4563-B1A8-8672F7515717}.Unicode Release|Win32.ActiveCfg = Release|Win32
		{15951DAE-EA16-4563-B1A8-8672F7515717}.Unicode Release|Win32.Build.0 = Release|Win32
		{15951DAE-EA16-4563-B1A8-8672F7515717}.Unicode_Debug|Win32.ActiveCfg = Unicode_Debug|Win32
		{15951DAE-EA16-4563-B1A8-8672F7515717}.Unicode_Debug|Win32.Build.0 = Unicode_Debug|Win32
		{15951DAE-EA16-4563-B1A8-8672F7515717}.Unicode_DebugDynStat|Win32.ActiveCfg = Unicode_Debug|Win32
		{15951DAE-EA16-4563-B1A8-8672F7515717}.Unicode_DebugDynStat|Win32.Build.0 = Unicode_Debug|Win32
		{15951DAE-EA16-4563-B1A8-8672F7515717}.Unicode_Release|Win32.ActiveCfg = Unicode_Release|Win32
		{15951DAE-EA16-4563-B1A8-8672F7515717}.Unicode_Release|Win32.Build.0 = Unicode_Release|Win32
		{15951DAE-EA16-4563-B1A8-8672F7515717}.Unicode_ReleaseDynStat|Win32.ActiveCfg = Unicode_Release|Win32
		{15951DAE-EA16-4563-B1A8-8672F7515717}.Unicode_ReleaseDynStat|Win32.Build.0 = Unicode_Release|Win32
		{15951DAE-EA16-4563-B1A8-8672F7515717}.VisualText_QDBM|Win32.ActiveCfg = Unicode_Release|Win32
		{15951DAE-EA16-4563-B1A8-8672F7515717}.VisualText_QDBM|Win32.Build.0 = Unicode_Release|Win32
		{15951DAE-EA16-4563-B1A8-8672F7515717}.VisualText_QDBMR|Win32.ActiveCfg = Unicode_Release|Win32
		{15951DAE-EA16-4563-B1A8-8672F7515717}.VisualText_QDBMR|Win32.Build.0 = Unicode_Release|Win32
		{3FD3B62F-271E-4234-A185-65EDB331AB79}.Debug_QDBM|Win32.ActiveCfg = Debug|Win32
		{3FD3B62F-271E-4234-A185-65EDB331AB79}.Debug_QDBM|Win32.Build.0 = Debug|Win32
		{3FD3B62F-271E-4234-A185-65EDB331AB79}.Debug|Win32.ActiveCfg = Debug|Win32
		{3FD3B62F-271E-4234-A185-65EDB331AB79}.Debug|Win32.Build.0 = Debug|Win32
		{3FD3B62F-271E-4234-A185-65EDB331AB79}.DebugDynStat|Win32.ActiveCfg = Debug|Win32
		{3FD3B62F-271E-4234-A185-65EDB331AB79}.DebugDynStat|Win32.Build.0 = Debug|Win32
		{3FD3B62F-271E-4234-A185-65EDB331AB79}.Release_QDBM|Win32.ActiveCfg = Release|Win32
		{3FD3B62F-271E-4234-A185-65EDB331AB79}.Release_QDBM|Win32.Build.0 = Release|Win32
		{3FD3B62F-271E-4234-A185-65EDB331AB79}.Release_Static|Win32.ActiveCfg = Release|Win32
		{3FD3B62F-271E-4234-A185-65EDB331AB79}.Release_Static|Win32.Build.0 = Release|Win32
		{3FD3B62F-271E-4234-A185-65EDB331AB79}.Release|Win32.ActiveCfg = Release|Win32
		{3FD3B62F-271E-4234-A185-65EDB331AB79}.Release|Win32.Build.0 = Release|Win32
		{3FD3B62F-271E-4234-A185-65EDB331AB79}.ReleaseDynStat|Win32.ActiveCfg = Release|Win32
		{3FD3B62F-271E-4234-A185-65EDB331AB79}.ReleaseDynStat|Win32.Build.0 = Release|Win32
		{3FD3B62F-271E-4234-A185-65EDB331AB79}.Unicode Debug|Win32.ActiveCfg = Unicode_Debug|Win32
		{3FD3B62F-271E-4234-A185-65EDB331AB79}.Unicode Debug|Win32.Build.0 = Unicode_Debug|Win32
		{3FD3B62F-271E-4234-A185-65EDB331AB79}.Unicode Release|Win32.ActiveCfg = Release|Win32
		{3FD3B62F-271E-4234-A185-65EDB331AB79}.Unicode Release|Win32.Build.0 = Release|Win32
		{3FD3B62F-271E-4234-A185-65EDB331AB79}.Unicode_Debug|Win32.ActiveCfg = Unicode_Debug|Win32
		{3FD3B62F-271E-4234-A185-65EDB331AB79}.Unicode_Debug|Win32.Build.0 = Unicode_Debug|Win32
		{3FD3B62F-271E-4234-A185-65EDB331AB79}.Unicode_DebugDynStat|Win32.ActiveCfg = Unicode_Debug|Win32
		{3FD3B62F-271E-4234-A185-65EDB331AB79}.Unicode_DebugDynStat|Win32.Build.0 = Unicode_Debug|Win32
		{3FD3B62F-271E-4234-A185-65EDB331AB79}.Unicode_Release|Win32.ActiveCfg = Unicode_Release|Win32
		{3FD3B62F-271E-4234-A185-65EDB331AB79}.Unicode_Release|Win32.Build.0 = Unicode_Release|Win32
		{3FD3B62F-271E-4234-A185-65EDB331AB79}.Unicode_ReleaseDynStat|Win32.ActiveCfg = Unicode_Release|Win32
		{3FD3B62F-271E-4234-A185-65EDB331AB79}.Unicode_ReleaseDynStat|Win32.Build.0 = Unicode_Release|Win32
		{3FD3B62F-271E-4234-A185-65EDB331AB79}.VisualText_QDBM|Win32.ActiveCfg = Unicode_Debug|Win32
		{3FD3B62F-271E-4234-A185-65EDB331AB79}.VisualText_QDBM|Win32.Build.0 = Unicode_Debug|Win32
		{3FD3B62F-271E-4234-A185-65EDB331AB79}.VisualText_QDBMR|Win32.ActiveCfg = Unicode_Debug|Win32
		{3FD3B62F-271E-4234-A185-65EDB331AB79}.VisualText_QDBMR|Win32.Build.0 = Unicode_Debug|Win32
		{9670D2E5-B333-4260-BEBB-BB3242BE1374}.Debug_QDBM|Win32.ActiveCfg = Debug|Win32
		{9670D2E5-B333-4260-BEBB-BB3242BE1374}.Debug_QDBM|Win32.Build.0 = Debug|Win32
		{9670D2E5-B333-4260-BEBB-BB3242BE1374}.Debug|Win32.ActiveCfg = Debug|Win32
		{9670D2E5-B333-4260-BEBB-BB3242BE1374}.Debug|Win32.Build.0 = Debug|Win32
		{9670D2E5-B333-4260-BEBB-BB3242BE1374}.DebugDynStat|Win32.ActiveCfg = Debug|Win32
		{9670D2E5-B333-4260-BEBB-BB3242BE1374}.DebugDynStat|Win32.Build.0 = Debug|Win32
		{9670D2E5-B333-4260-BEBB-BB3242BE1374}.Release_QDBM|Win32.ActiveCfg = Release|Win32
		{9670D2E5-B333-4260-BEBB-BB3242BE1374}.Release_QDBM|Win32.Build.0 = Release|Win32
		{9670D2E5-B333-4260-BEBB-BB3242BE1374}.Release_Static|Win32.ActiveCfg = Release|Win32
		{9670D2E5-B333-4260-BEBB-BB3242BE1374}.Release_Static|Win32.Build.0 = Release|Win32
		{9670D2E5-B333-4260-BEBB-BB3242BE1374}.Release|Win32.ActiveCfg = Release|Win32
		{9670D2E5-B333-4260-BEBB-BB3242BE1374}.Release|Win32.Build.0 = Release|Win32
		{9670D2E5-B333-4260-BEBB-BB3242BE1374}.ReleaseDynStat|Win32.ActiveCfg = Release|Win32
		{9670D2E5-B333-4260-BEBB-BB3242BE1374}.ReleaseDynStat|Win32.Build.0 = Release|Win32
		{9670D2E5-B333-4260-BEBB-BB3242BE1374}.Unicode Debug|Win32.ActiveCfg = Unicode_Debug|Win32
		{9670D2E5-B333-4260-BEBB-BB3242BE1374}.Unicode Debug|Win32.Build.0 = Unicode_Debug|Win32
		{9670D2E5-B333-4260-BEBB-BB3242BE1374}.Unicode Release|Win32.ActiveCfg = Release|Win32
		{9670D2E5-B333-4260-BEBB-BB3242BE1374}.Unicode Release|Win32.Build.0 = Release|Win32
		{9670D2E5-B333-4260-BEBB-BB3242BE1374}.Unicode_Debug|Win32.ActiveCfg = Unicode_Debug|Win32
		{9670D2E5-B333-4260-BEBB-BB3242BE1374}.Unicode_Debug|Win32.Build.0 = Unicode_Debug|Win32
		{9670D2E5-B333-4260-BEBB-BB3242BE1374}.Unicode_DebugDynStat|Win32.ActiveCfg = Unicode_Debug|Win32
		{9670D2E5-B333-4260-BEBB-BB3242BE1374}.Unicode_DebugDynStat|Win32.Build.0 = Unicode_Debug|Win32
		{9670D2E5-B333-4260-BEBB-BB3242BE1374}.Unicode_Release|Win32.ActiveCfg = Unicode_Release|Win32
		{9670D2E5-B333-4260-BEBB-BB3242BE1374}.Unicode_Release|Win32.Build.0 = Unicode_Release|Win32
		{9670D2E5-B333-4260-BEBB-BB3242BE1374}.Unicode_ReleaseDynStat|Win32.ActiveCfg = Unicode_Release|Win32
		{9670D2E5-B333-4260-BEBB-BB3242BE1374}.Unicode_ReleaseDynStat|Win32.Build.0 = Unicode_Release|Win32
		{9670D2E5-B333-4260-BEBB-BB3242BE1374}.VisualText_QDBM|Win32.ActiveCfg = Unicode_Release|Win32
		{9670D2E5-B333-4260-BEBB-BB3242BE1374}.VisualText_QDBM|Win32.Build.0 = Unicode_Release|Win32
		{9670D2E5-B333-4260-BEBB-BB3242BE1374}.VisualText_QDBMR|Win32.ActiveCfg = Unicode_Release|Win32
		{9670D2E5-B333-4260-BEBB-BB3242BE1374}.VisualText_QDBMR|Win32.Build.0 = Unicode_Release|Win32
		{AB75E586-6065-485B-9263-E653AA7F7FE2}.Debug_QDBM|Win32.ActiveCfg = Debug|Win32
		{AB75E586-6065-485B-9263-E653AA7F7FE2}.Debug_QDBM|Win32.Build.0 = Debug|Win32
		{AB75E586-6065-485B-9263-E653AA7F7FE2}.Debug|Win32.ActiveCfg = Debug|Win32
		{AB75E586-6065-485B-9263-E653AA7F7FE2}.Debug|Win32.Build.0 = Debug|Win32
		{AB75E586-6065-485B-9263-E653AA7F7FE2}.DebugDynStat|Win32.ActiveCfg = Debug|Win32
		{AB75E586-6065-485B-9263-E653AA7F7FE2}.DebugDynStat|Win32.Build.0 = Debug|Win32
		{AB75E586-6065-485B-9263-E653AA7F7FE2}.Release_QDBM|Win32.ActiveCfg = Release|Win32
		{AB75E586-6065-485B-9263-E653AA7F7FE2}.Release_QDBM|Win32.Build.0 = Release|Win32
		{AB75E586-6065-485B-9263-E653AA7F7FE2}.Release_Static|Win32.ActiveCfg = Release|Win32
		{AB75E586-6065-485B-9263-E653AA7F7FE2}.Release_Static|Win32.Build.0 = Release|Win32
		{AB75E586-6065-485B-9263-E653AA7F7FE2}.Release|Win32.ActiveCfg = Release|Win32
		{AB75E586-6065-485B-9263-E653AA7F7FE2}.Release|Win32.Build.0 = Release|Win32
		{AB75E586-6065-485B-9263-E653AA7F7FE2}.ReleaseDynStat|Win32.ActiveCfg = Release|Win32
		{AB75E586-6065-485B-9263-E653AA7F7FE2}.ReleaseDynStat|Win32.Build.0 = Release|Win32
		{AB75E586-6065-485B-9263-E653AA7F7FE2}.Unicode Debug|Win32.ActiveCfg = Unicode_Debug|Win32
		{AB75E586-6065-485B-9263-E653AA7F7FE2}.Unicode Debug|Win32.Build.0 = Unicode_Debug|Win32
		{AB75E586-6065-485B-9263-E653AA7F7FE2}.Unicode Release|Win32.ActiveCfg = Release|Win32
		{AB75E586-6065-485B-9263-E653AA7F7FE2}.Unicode Release|Win32.Build.0 = Release|Win32
		{AB75E586-6065-485B-9263-E653AA7F7FE2}.Unicode_Debug|Win32.ActiveCfg = Unicode_Debug|Win32
		{AB75E586-6065-485B-9263-E653AA7F7FE2}.Unicode_Debug|Win32.Build.0 = Unicode_Debug|Win32
		{AB75E586-6065-485B-9263-E653AA7F7FE2}.Unicode_DebugDynStat|Win32.ActiveCfg = Unicode_Debug|Win32
		{AB75E586-6065-485B-9263-E653AA7F7FE2}.Unicode_DebugDynStat|Win32.Build.0 = Unicode_Debug|Win32
		{AB75E586-6065-485B-9263-E653AA7F7FE2}.Unicode_Release|Win32.ActiveCfg = Unicode_Release|Win32
		{AB75E586-6065-485B-9263-E653AA7F7FE2}.Unicode_Release|Win32.Build.0 = Unicode_Release|Win32
		{AB75E586-6065-485B-9263-E653AA7F7FE2}.Unicode_ReleaseDynStat|Win32.ActiveCfg = Unicode_Release|Win32
		{AB75E586-6065-485B-9263-E653AA7F7FE2}.Unicode_ReleaseDynStat|Win32.Build.0 = Unicode_Release|Win32
		{AB75E586-6065-485B-9263-E653AA7F7FE2}.VisualText_QDBM|Win32.ActiveCfg = Debug|Win32
		{AB75E586-6065-485B-9263-E653AA7F7FE2}.VisualText_QDBM|Win32.Build.0 = Debug|Win32
		{AB75E586-6065-485B-9263-E653AA7F7FE2}.VisualText_QDBMR|Win32.ActiveCfg = Debug|Win32
		{AB75E586-6065-485B-9263-E653AA7F7FE2}.VisualText_QDBMR|Win32.Build.0 = Debug|Win32
		{5B63F12C-3F96-4650-8CD2-FC5A1D98167F}.Debug_QDBM|Win32.ActiveCfg = Debug_QDBM|Win32
		{5B63F12C-3F96-4650-8CD2-FC5A1D98167F}.Debug_QDBM|Win32.Build.0 = Debug_QDBM|Win32
		{5B63F12C-3F96-4650-8CD2-FC5A1D98167F}.Debug|Win32.ActiveCfg = Debug|Win32
		{5B63F12C-3F96-4650-8CD2-FC5A1D98167F}.Debug|Win32.Build.0 = Debug|Win32
		{5B63F12C-3F96-4650-8CD2-FC5A1D98167F}.DebugDynStat|Win32.ActiveCfg = Debug_QDBM|Win32
		{5B63F12C-3F96-4650-8CD2-FC5A1D98167F}.DebugDynStat|Win32.Build.0 = Debug_QDBM|Win32
		{5B63F12C-3F96-4650-8CD2-FC5A1D98167F}.Release_QDBM|Win32.ActiveCfg = Release_QDBM|Win32
		{5B63F12C-3F96-4650-8CD2-FC5A1D98167F}.Release_QDBM|Win32.Build.0 = Release_QDBM|Win32
		{5B63F12C-3F96-4650-8CD2-FC5A1D98167F}.Release_Static|Win32.ActiveCfg = Release_Static|Win32
		{5B63F12C-3F96-4650-8CD2-FC5A1D98167F}.Release_Static|Win32.Build.0 = Release_Static|Win32
		{5B63F12C-3F96-4650-8CD2-FC5A1D98167F}.Release|Win32.ActiveCfg = Release|Win32
		{5B63F12C-3F96-4650-8CD2-FC5A1D98167F}.Release|Win32.Build.0 = Release|Win32
		{5B63F12C-3F96-4650-8CD2-FC5A1D98167F}.ReleaseDynStat|Win32.ActiveCfg = Release_QDBM|Win32
		{5B63F12C-3F96-4650-8CD2-FC5A1D98167F}.ReleaseDynStat|Win32.Build.0 = Release_QDBM|Win32
		{5B63F12C-3F96-4650-8CD2-FC5A1D98167F}.Unicode Debug|Win32.ActiveCfg = Unicode_Debug|Win32
		{5B63F12C-3F96-4650-8CD2-FC5A1D98167F}.Unicode Debug|Win32.Build.0 = Unicode_Debug|Win32
		{5B63F12C-3F96-4650-8CD2-FC5A1D98167F}.Unicode Release|Win32.ActiveCfg = Release|Win32
		{5B63F12C-3F96-4650-8CD2-FC5A1D98167F}.Unicode Release|Win32.Build.0 = Release|Win32
		{5B63F12C-3F96-4650-8CD2-FC5A1D98167F}.Unicode_Debug|Win32.ActiveCfg = Unicode_Debug|Win32
		{5B63F12C-3F96-4650-8CD2-FC5A1D98167F}.Unicode_Debug|Win32.Build.0 = Unicode_Debug|Win32
		{5B63F12C-3F96-4650-8CD2-FC5A1D98167F}.Unicode_DebugDynStat|Win32.ActiveCfg = Unicode_Debug|Win32
		{5B63F12C-3F96-4650-8CD2-FC5A1D98167F}.Unicode_DebugDynStat|Win32.Build.0 = Unicode_Debug|Win32
		{5B63F12C-3F96-4650-8CD2-FC5A1D98167F}.Unicode_Release|Win32.ActiveCfg = Unicode_Release|Win32
		{5B63F12C-3F96-4650-8CD2-FC5A1D98167F}.Unicode_Release|Win32.Build.0 = Unicode_Release|Win32
		{5B63F12C-3F96-4650-8CD2-FC5A1D98167F}.Unicode_ReleaseDynStat|Win32.ActiveCfg = Unicode_Release|Win32
		{5B63F12C-3F96-4650-8CD2-FC5A1D98167F}.Unicode_ReleaseDynStat|Win32.Build.0 = Unicode_Release|Win32
		{5B63F12C-3F96-4650-8CD2-FC5A1D98167F}.VisualText_QDBM|Win32.ActiveCfg = Release_QDBM|Win32
		{5B63F12C-3F96-4650-8CD2-FC5A1D98167F}.VisualText_QDBM|Win32.Build.0 = Release_QDBM|Win32
		{5B63F12C-3F96-4650-8CD2-FC5A1D98167F}.VisualText_QDBMR|Win32.ActiveCfg = Release_QDBM|Win32
		{5B63F12C-3F96-4650-8CD2-FC5A1D98167F}.VisualText_QDBMR|Win32.Build.0 = Release_QDBM|Win32
		{C9E7E272-428F-4C3E-96C2-E55D63C4BEF7}.Debug_QDBM|Win32.ActiveCfg = Unicode_Release|Win32
		{C9E7E272-428F-4C3E-96C2-E55D63C4BEF7}.Debug_QDBM|Win32.Build.0 = Unicode_Release|Win32
		{C9E7E272-428F-4C3E-96C2-E55D63C4BEF7}.Debug|Win32.ActiveCfg = Unicode_Debug|Win32
		{C9E7E272-428F-4C3E-96C2-E55D63C4BEF7}.Debug|Win32.Build.0 = Unicode_Debug|Win32
		{C9E7E272-428F-4C3E-96C2-E55D63C4BEF7}.DebugDynStat|Win32.ActiveCfg = Unicode_Release|Win32
		{C9E7E272-428F-4C3E-96C2-E55D63C4BEF7}.DebugDynStat|Win32.Build.0 = Unicode_Release|Win32
		{C9E7E272-428F-4C3E-96C2-E55D63C4BEF7}.Release_QDBM|Win32.ActiveCfg = Unicode_Release|Win32
		{C9E7E272-428F-4C3E-96C2-E55D63C4BEF7}.Release_QDBM|Win32.Build.0 = Unicode_Release|Win32
		{C9E7E272-428F-4C3E-96C2-E55D63C4BEF7}.Release_Static|Win32.ActiveCfg = Unicode_Release|Win32
		{C9E7E272-428F-4C3E-96C2-E55D63C4BEF7}.Release_Static|Win32.Build.0 = Unicode_Release|Win32
		{C9E7E272-428F-4C3E-96C2-E55D63C4BEF7}.Release|Win32.ActiveCfg = Unicode_Release|Win32
		{C9E7E272-428F-4C3E-96C2-E55D63C4BEF7}.Release|Win32.Build.0 = Unicode_Release|Win32
		{C9E7E272-428F-4C3E-96C2-E55D63C4BEF7}.ReleaseDynStat|Win32.ActiveCfg = Unicode_Release|Win32
		{C9E7E272-428F-4C3E-96C2-E55D63C4BEF7}.ReleaseDynStat|Win32.Build.0 = Unicode_Release|Win32
		{C9E7E272-428F-4C3E-96C2-E55D63C4BEF7}.Unicode Debug|Win32.ActiveCfg = Unicode_Release|Win32
		{C9E7E272-428F-4C3E-96C2-E55D63C4BEF7}.Unicode Debug|Win32.Build.0 = Unicode_Release|Win32
		{C9E7E272-428F-4C3E-96C2-E55D63C4BEF7}.Unicode Release|Win32.ActiveCfg = Unicode_Release|Win32
		{C9E7E272-428F-4C3E-96C2-E55D63C4BEF7}.Unicode Release|Win32.Build.0 = Unicode_Release|Win32
		{C9E7E272-428F-4C3E-96C2-E55D63C4BEF7}.Unicode_Debug|Win32.ActiveCfg = Unicode_Debug|Win32
		{C9E7E272-428F-4C3E-96C2-E55D63C4BEF7}.Unicode_Debug|Win32.Build.0 = Unicode_Debug|Win32
		{C9E7E272-428F-4C3E-96C2-E55D63C4BEF7}.Unicode_DebugDynStat|Win32.ActiveCfg = Unicode_Debug|Win32
		{C9E7E272-428F-4C3E-96C2-E55D63C4BEF7}.Unicode_DebugDynStat|Win32.Build.0 = Unicode_Debug|Win32
		{C9E7E272-428F-4C3E-96C2-E55D63C4BEF7}.Unicode_Release|Win32.ActiveCfg = Unicode_Release|Win32
		{C9E7E272-428F-4C3E-96C2-E55D63C4BEF7}.Unicode_Release|Win32.Build.0 = Unicode_Release|Win32
		{C9E7E272-428F-4C3E-96C2-E55D63C4BEF7}.Unicode_ReleaseDynStat|Win32.ActiveCfg = Unicode_Release|Win32
		{C9E7E272-428F-4C3E-96C2-E55D63C4BEF7}.Unicode_ReleaseDynStat|Win32.Build.0 = Unicode_Release|Win32
		{C9E7E272-428F-4C3E-96C2-E55D63C4BEF7}.VisualText_QDBM|Win32.ActiveCfg = Unicode_Release|Win32
		{C9E7E272-428F-4C3E-96C2-E55D63C4BEF7}.VisualText_QDBM|Win32.Build.0 = Unicode_Release|Win32
		{C9E7E272-428F-4C3E-96C2-E55D63C4BEF7}.VisualText_QDBMR|Win32.ActiveCfg = Unicode_Release|Win32
		{C9E7E272-428F-4C3E-96C2-E55D63C4BEF7}.VisualText_QDBMR|Win32.Build.0 = Unicode_Release|Win32
		{334B440D-2B5F-48CC-94E3-9D0BCC4D8922}.Debug_QDBM|Win32.ActiveCfg = Debug|Win32
		{334B440D-2B5F-48CC-94E3-9D0BCC4D8922}.Debug_QDBM|Win32.Build.0 = Debug|Win32
		{334B440D-2B5F-48CC-94E3-9D0BCC4D8922}.Debug|Win32.ActiveCfg = Debug|Win32
		{334B440D-2B5F-48CC-94E3-9D0BCC4D8922}.Debug|Win32.Build.0 = Debug|Win32
		{334B440D-2B5F-48CC-94E3-9D0BCC4D8922}.DebugDynStat|Win32.ActiveCfg = Debug|Win32
		{334B440D-2B5F-48CC-94E3-9D0BCC4D8922}.DebugDynStat|Win32.Build.0 = Debug|Win32
		{334B440D-2B5F-48CC-94E3-9D0BCC4D8922}.Release_QDBM|Win32.ActiveCfg = Release|Win32
		{334B440D-2B5F-48CC-94E3-9D0BCC4D8922}.Release_QDBM|Win32.Build.0 = Release|Win32
		{334B440D-2B5F-48CC-94E3-9D0BCC4D8922}.Release_Static|Win32.ActiveCfg = Release|Win32
		{334B440D-2B5F-48CC-94E3-9D0BCC4D8922}.Release_Static|Win32.Build.0 = Release|Win32
		{334B440D-2B5F-48CC-94E3-9D0BCC4D8922}.Release|Win32.ActiveCfg = Release|Win32
		{334B440D-2B5F-48CC-94E3-9D0BCC4D8922}.Release|Win32.Build.0 = Release|Win32
		{334B440D-2B5F-48CC-94E3-9D0BCC4D8922}.ReleaseDynStat|Win32.ActiveCfg = Release|Win32
		{334B440D-2B5F-48CC-94E3-9D0BCC4D8922}.ReleaseDynStat|Win32.Build.0 = Release|Win32
		{334B440D-2B5F-48CC-94E3-9D0BCC4D8922}.Unicode Debug|Win32.ActiveCfg = Unicode_Debug|Win32
		{334B440D-2B5F-48CC-94E3-9D0BCC4D8922}.Unicode Debug|Win32.Build.0 = Unicode_Debug|Win32
		{334B440D-2B5F-48CC-94E3-9D0BCC4D8922}.Unicode Release|Win32.ActiveCfg = Release|Win32
		{334B440D-2B5F-48CC-94E3-9D0BCC4D8922}.Unicode Release|Win32.Build.0 = Release|Win32
		{334B440D-2B5F-48CC-94E3-9D0BCC4D8922}.Unicode_Debug|Win32.ActiveCfg = Unicode_Debug|Win32
		{334B440D-2B5F-48CC-94E3-9D0BCC4D8922}.Unicode_Debug|Win32.Build.0 = Unicode_Debug|Win32
		{334B440D-2B5F-48CC-94E3-9D0BCC4D8922}.Unicode_DebugDynStat|Win32.ActiveCfg = Unicode_Debug|Win32
		{334B440D-2B5F-48CC-94E3-9D0BCC4D8922}.Unicode_DebugDynStat|Win32.Build.0 = Unicode_Debug|Win32
		{334B440D-2B5F-48CC-94E3-9D0BCC4D8922}.Unicode_Release|Win32.ActiveCfg = Unicode_Release|Win32
		{334B440D-2B5F-48CC-94E3-9D0BCC4D8922}.Unicode_Release|Win32.Build.0 = Unicode_Release|Win32
		{334B440D-2B5F-48CC-94E3-9D0BCC4D8922}.Unicode_ReleaseDynStat|Win32.ActiveCfg = Unicode_Release|Win32
		{334B440D-2B5F-48CC-94E3-9D0BCC4D8922}.Unicode_ReleaseDynStat|Win32.Build.0 = Unicode_Release|Win32
		{334B440D-2B5F-48CC-94E3-9D0BCC4D8922}.VisualText_QDBM|Win32.ActiveCfg = Unicode_Release|Win32
		{334B440D-2B5F-48CC-94E3-9D0BCC4D8922}.VisualText_QDBM|Win32.Build.0 = Unicode_Release|Win32
		{334B440D-2B5F-48CC-94E3-9D0BCC4D8922}.VisualText_QDBMR|Win32.ActiveCfg = Unicode_Release|Win32
		{334B440D-2B5F-48CC-94E3-9D0BCC4D8922}.VisualText_QDBMR|Win32.Build.0 = Unicode_Release|Win32
	EndGlobalSection
	GlobalSection(SolutionProperties) = preSolution
		HideSolutionNode = FALSE
	EndGlobalSection
	GlobalSection(NestedProjects) = preSolution
		{4BF8BE3A-3E74-4029-B995-5B2A7601F50B} = {53967028-6E22-4F32-A548-4DE469022CB5}
		{15951DAE-EA16-4563-B1A8-8672F7515717} = {53967028-6E22-4F32-A548-4DE469022CB5}
		{3FD3B62F-271E-4234-A185-65EDB331AB79} = {53967028-6E22-4F32-A548-4DE469022CB5}
		{9670D2E5-B333-4260-BEBB-BB3242BE1374} = {53967028-6E22-4F32-A548-4DE469022CB5}
		{AB75E586-6065-485B-9263-E653AA7F7FE2} = {53967028-6E22-4F32-A548-4DE469022CB5}
		{5B63F12C-3F96-4650-8CD2-FC5A1D98167F} = {53967028-6E22-4F32-A548-4DE469022CB5}
		{C9E7E272-428F-4C3E-96C2-E55D63C4BEF7} = {53967028-6E22-4F32-A548-4DE469022CB5}
		{334B440D-2B5F-48CC-94E3-9D0BCC4D8922} = {53967028-6E22-4F32-A548-4DE469022CB5}
	EndGlobalSection
EndGlobal
